
Microsoft Visual Studio Solution File, Format Version 12.00
# Visual Studio Version 16
VisualStudioVersion = 16.0.30320.27
MinimumVisualStudioVersion = 10.0.40219.1
Project("{8BC9CEB8-8B4A-11D0-8D11-00A0C91BC942}") = "kongh", "kongh.vcxproj", "{B7C39388-79BD-443B-85E2-E84EFB60DD6D}"
EndProject
Global
	GlobalSection(SolutionConfigurationPlatforms) = preSolution
		Debug|x64 = Debug|x64
		Debug|x86 = Debug|x86
		Release|x64 = Release|x64
		Release|x86 = Release|x86
	EndGlobalSection
	GlobalSection(ProjectConfigurationPlatforms) = postSolution
		{B7C39388-79BD-443B-85E2-E84EFB60DD6D}.Debug|x64.ActiveCfg = Debug|x64
		{B7C39388-79BD-443B-85E2-E84EFB60DD6D}.Debug|x64.Build.0 = Debug|x64
		{B7C39388-79BD-443B-85E2-E84EFB60DD6D}.Debug|x86.ActiveCfg = Debug|Win32
		{B7C39388-79BD-443B-85E2-E84EFB60DD6D}.Debug|x86.Build.0 = Debug|Win32
		{B7C39388-79BD-443B-85E2-E84EFB60DD6D}.Release|x64.ActiveCfg = Release|x64
		{B7C39388-79BD-443B-85E2-E84EFB60DD6D}.Release|x64.Build.0 = Release|x64
		{B7C39388-79BD-443B-85E2-E84EFB60DD6D}.Release|x86.ActiveCfg = Release|Win32
		{B7C39388-79BD-443B-85E2-E84EFB60DD6D}.Release|x86.Build.0 = Release|Win32
	EndGlobalSection
	GlobalSection(SolutionProperties) = preSolution
		HideSolutionNode = FALSE
	EndGlobalSection
	GlobalSection(ExtensibilityGlobals) = postSolution
		SolutionGuid = {16612837-2835-471B-82DE-6192EB22F132}
	EndGlobalSection
EndGlobal
